// !$*UTF8*$!
{
	archiveVersion = 1;
	classes = {
	};
	objectVersion = 46;
	objects = {

/* Begin PBXBuildFile section */
		219C37421B8FA4860008A03E /* main.cp in Sources */ = {isa = PBXBuildFile; fileRef = 219C373E1B8FA4860008A03E /* main.cp */; };
		219C37431B8FA4860008A03E /* throws.cp in Sources */ = {isa = PBXBuildFile; fileRef = 219C37401B8FA4860008A03E /* throws.cp */; };
/* End PBXBuildFile section */

/* Begin PBXCopyFilesBuildPhase section */
		219C37321B8FA3C70008A03E /* CopyFiles */ = {
			isa = PBXCopyFilesBuildPhase;
			buildActionMask = 2147483647;
			dstPath = /usr/share/man/man1/;
			dstSubfolderSpec = 0;
			files = (
			);
			runOnlyForDeploymentPostprocessing = 1;
		};
/* End PBXCopyFilesBuildPhase section */

/* Begin PBXFileReference section */
		219C37341B8FA3C70008A03E /* Prelab 10 */ = {isa = PBXFileReference; explicitFileType = "compiled.mach-o.executable"; includeInIndex = 0; path = "Prelab 10"; sourceTree = BUILT_PRODUCTS_DIR; };
		219C373E1B8FA4860008A03E /* main.cp */ = {isa = PBXFileReference; fileEncoding = 4; lastKnownFileType = sourcecode.cpp.cpp; path = main.cp; sourceTree = "<group>"; };
		219C373F1B8FA4860008A03E /* myException.h */ = {isa = PBXFileReference; fileEncoding = 4; lastKnownFileType = sourcecode.c.h; path = myException.h; sourceTree = "<group>"; };
		219C37401B8FA4860008A03E /* throws.cp */ = {isa = PBXFileReference; fileEncoding = 4; lastKnownFileType = sourcecode.cpp.cpp; path = throws.cp; sourceTree = "<group>"; };
		219C37411B8FA4860008A03E /* throws.h */ = {isa = PBXFileReference; fileEncoding = 4; lastKnownFileType = sourcecode.c.h; path = throws.h; sourceTree = "<group>"; };
/* End PBXFileReference section */

/* Begin PBXFrameworksBuildPhase section */
		219C37311B8FA3C70008A03E /* Frameworks */ = {
			isa = PBXFrameworksBuildPhase;
			buildActionMask = 2147483647;
			files = (
			);
			runOnlyForDeploymentPostprocessing = 0;
		};
/* End PBXFrameworksBuildPhase section */

/* Begin PBXGroup section */
		219C372B1B8FA3C70008A03E = {
			isa = PBXGroup;
			children = (
				219C37361B8FA3C70008A03E /* Prelab 10 */,
				219C37351B8FA3C70008A03E /* Products */,
			);
			sourceTree = "<group>";
		};
		219C37351B8FA3C70008A03E /* Products */ = {
			isa = PBXGroup;
			children = (
				219C37341B8FA3C70008A03E /* Prelab 10 */,
			);
			name = Products;
			sourceTree = "<group>";
		};
		219C37361B8FA3C70008A03E /* Prelab 10 */ = {
			isa = PBXGroup;
			children = (
				219C373E1B8FA4860008A03E /* main.cp */,
				219C373F1B8FA4860008A03E /* myException.h */,
				219C37401B8FA4860008A03E /* throws.cp */,
				219C37411B8FA4860008A03E /* throws.h */,
			);
			path = "Prelab 10";
			sourceTree = "<group>";
		};
/* End PBXGroup section */

/* Begin PBXNativeTarget section */
		219C37331B8FA3C70008A03E /* Prelab 10 */ = {
			isa = PBXNativeTarget;
			buildConfigurationList = 219C373B1B8FA3C70008A03E /* Build configuration list for PBXNativeTarget "Prelab 10" */;
			buildPhases = (
				219C37301B8FA3C70008A03E /* Sources */,
				219C37311B8FA3C70008A03E /* Frameworks */,
				219C37321B8FA3C70008A03E /* CopyFiles */,
			);
			buildRules = (
			);
			dependencies = (
			);
			name = "Prelab 10";
			productName = "Prelab 10";
			productReference = 219C37341B8FA3C70008A03E /* Prelab 10 */;
			productType = "com.apple.product-type.tool";
		};
/* End PBXNativeTarget section */

/* Begin PBXProject section */
		219C372C1B8FA3C70008A03E /* Project object */ = {
			isa = PBXProject;
			attributes = {
				LastUpgradeCheck = 0640;
				ORGANIZATIONNAME = ajbecknerapps;
				TargetAttributes = {
					219C37331B8FA3C70008A03E = {
						CreatedOnToolsVersion = 6.4;
					};
				};
			};
			buildConfigurationList = 219C372F1B8FA3C70008A03E /* Build configuration list for PBXProject "Prelab 10" */;
			compatibilityVersion = "Xcode 3.2";
			developmentRegion = English;
			hasScannedForEncodings = 0;
			knownRegions = (
				en,
			);
			mainGroup = 219C372B1B8FA3C70008A03E;
			productRefGroup = 219C37351B8FA3C70008A03E /* Products */;
			projectDirPath = "";
			projectRoot = "";
			targets = (
				219C37331B8FA3C70008A03E /* Prelab 10 */,
			);
		};
/* End PBXProject section */

/* Begin PBXSourcesBuildPhase section */
		219C37301B8FA3C70008A03E /* Sources */ = {
			isa = PBXSourcesBuildPhase;
			buildActionMask = 2147483647;
			files = (
				219C37421B8FA4860008A03E /* main.cp in Sources */,
				219C37431B8FA4860008A03E /* throws.cp in Sources */,
			);
			runOnlyForDeploymentPostprocessing = 0;
		};
/* End PBXSourcesBuildPhase section */

/* Begin XCBuildConfiguration section */
		219C37391B8FA3C70008A03E /* Debug */ = {
			isa = XCBuildConfiguration;
			buildSettings = {
				ALWAYS_SEARCH_USER_PATHS = NO;
				CLANG_CXX_LANGUAGE_STANDARD = "gnu++0x";
				CLANG_CXX_LIBRARY = "libc++";
				CLANG_ENABLE_MODULES = YES;
				CLANG_ENABLE_OBJC_ARC = YES;
				CLANG_WARN_BOOL_CONVERSION = YES;
				CLANG_WARN_CONSTANT_CONVERSION = YES;
				CLANG_WARN_DIRECT_OBJC_ISA_USAGE = YES_ERROR;
				CLANG_WARN_EMPTY_BODY = YES;
				CLANG_WARN_ENUM_CONVERSION = YES;
				CLANG_WARN_INT_CONVERSION = YES;
				CLANG_WARN_OBJC_ROOT_CLASS = YES_ERROR;
				CLANG_WARN_UNREACHABLE_CODE = YES;
				CLANG_WARN__DUPLICATE_METHOD_MATCH = YES;
				COPY_PHASE_STRIP = NO;
				DEBUG_INFORMATION_FORMAT = dwarf;
				ENABLE_STRICT_OBJC_MSGSEND = YES;
				GCC_C_LANGUAGE_STANDARD = gnu99;
				GCC_DYNAMIC_NO_PIC = NO;
				GCC_NO_COMMON_BLOCKS = YES;
				GCC_OPTIMIZATION_LEVEL = 0;
				GCC_PREPROCESSOR_DEFINITIONS = (
					"DEBUG=1",
					"$(inherited)",
				);
				GCC_SYMBOLS_PRIVATE_EXTERN = NO;
				GCC_WARN_64_TO_32_BIT_CONVERSION = YES;
				GCC_WARN_ABOUT_RETURN_TYPE = YES_ERROR;
				GCC_WARN_UNDECLARED_SELECTOR = YES;
				GCC_WARN_UNINITIALIZED_AUTOS = YES_AGGRESSIVE;
				GCC_WARN_UNUSED_FUNCTION = YES;
				GCC_WARN_UNUSED_VARIABLE = YES;
				MACOSX_DEPLOYMENT_TARGET = 10.10;
				MTL_ENABLE_DEBUG_INFO = YES;
				ONLY_ACTIVE_ARCH = YES;
				SDKROOT = macosx;
			};
			name = Debug;
		};
		219C373A1B8FA3C70008A03E /* Release */ = {
			isa = XCBuildConfiguration;
			buildSettings = {
				ALWAYS_SEARCH_USER_PATHS = NO;
				CLANG_CXX_LANGUAGE_STANDARD = "gnu++0x";
				CLANG_CXX_LIBRARY = "libc++";
				CLANG_ENABLE_MODULES = YES;
				CLANG_ENABLE_OBJC_ARC = YES;
				CLANG_WARN_BOOL_CONVERSION = YES;
				CLANG_WARN_CONSTANT_CONVERSION = YES;
				CLANG_WARN_DIRECT_OBJC_ISA_USAGE = YES_ERROR;
				CLANG_WARN_EMPTY_BODY = YES;
				CLANG_WARN_ENUM_CONVERSION = YES;
				CLANG_WARN_INT_CONVERSION = YES;
				CLANG_WARN_OBJC_ROOT_CLASS = YES_ERROR;
				CLANG_WARN_UNREACHABLE_CODE = YES;
				CLANG_WARN__DUPLICATE_METHOD_MATCH = YES;
				COPY_PHASE_STRIP = NO;
				DEBUG_INFORMATION_FORMAT = "dwarf-with-dsym";
				ENABLE_NS_ASSERTIONS = NO;
				ENABLE_STRICT_OBJC_MSGSEND = YES;
				GCC_C_LANGUAGE_STANDARD = gnu99;
				GCC_NO_COMMON_BLOCKS = YES;
				GCC_WARN_64_TO_32_BIT_CONVERSION = YES;
				GCC_WARN_ABOUT_RETURN_TYPE = YES_ERROR;
				GCC_WARN_UNDECLARED_SELECTOR = YES;
				GCC_WARN_UNINITIALIZED_AUTOS = YES_AGGRESSIVE;
				GCC_WARN_UNUSED_FUNCTION = YES;
				GCC_WARN_UNUSED_VARIABLE = YES;
				MACOSX_DEPLOYMENT_TARGET = 10.10;
				MTL_ENABLE_DEBUG_INFO = NO;
				SDKROOT = macosx;
			};
			name = Release;
		};
		219C373C1B8FA3C70008A03E /* Debug */ = {
			isa = XCBuildConfiguration;
			buildSettings = {
				PRODUCT_NAME = "$(TARGET_NAME)";
			};
			name = Debug;
		};
		219C373D1B8FA3C70008A03E /* Release */ = {
			isa = XCBuildConfiguration;
			buildSettings = {
				PRODUCT_NAME = "$(TARGET_NAME)";
			};
			name = Release;
		};
/* End XCBuildConfiguration section */

/* Begin XCConfigurationList section */
		219C372F1B8FA3C70008A03E /* Build configuration list for PBXProject "Prelab 10" */ = {
			isa = XCConfigurationList;
			buildConfigurations = (
				219C37391B8FA3C70008A03E /* Debug */,
				219C373A1B8FA3C70008A03E /* Release */,
			);
			defaultConfigurationIsVisible = 0;
			defaultConfigurationName = Release;
		};
		219C373B1B8FA3C70008A03E /* Build configuration list for PBXNativeTarget "Prelab 10" */ = {
			isa = XCConfigurationList;
			buildConfigurations = (
				219C373C1B8FA3C70008A03E /* Debug */,
				219C373D1B8FA3C70008A03E /* Release */,
			);
			defaultConfigurationIsVisible = 0;
		};
/* End XCConfigurationList section */
	};
	rootObject = 219C372C1B8FA3C70008A03E /* Project object */;
}
